// !$*UTF8*$!
{
	archiveVersion = 1;
	classes = {
	};
	objectVersion = 56;
	objects = {

/* Begin PBXBuildFile section */
		DC3129A22B7DFF700074CBDC /* SecondViewController.swift in Sources */ = {isa = PBXBuildFile; fileRef = DC3129A12B7DFF700074CBDC /* SecondViewController.swift */; };
		DC367B542B7DEE3700E9C8EB /* AppDelegate.swift in Sources */ = {isa = PBXBuildFile; fileRef = DC367B532B7DEE3700E9C8EB /* AppDelegate.swift */; };
		DC367B562B7DEE3700E9C8EB /* SceneDelegate.swift in Sources */ = {isa = PBXBuildFile; fileRef = DC367B552B7DEE3700E9C8EB /* SceneDelegate.swift */; };
		DC367B582B7DEE3700E9C8EB /* ViewController.swift in Sources */ = {isa = PBXBuildFile; fileRef = DC367B572B7DEE3700E9C8EB /* ViewController.swift */; };
		DC367B5B2B7DEE3700E9C8EB /* Main.storyboard in Resources */ = {isa = PBXBuildFile; fileRef = DC367B592B7DEE3700E9C8EB /* Main.storyboard */; };
		DC367B5D2B7DEE3800E9C8EB /* Assets.xcassets in Resources */ = {isa = PBXBuildFile; fileRef = DC367B5C2B7DEE3800E9C8EB /* Assets.xcassets */; };
		DC367B602B7DEE3800E9C8EB /* LaunchScreen.storyboard in Resources */ = {isa = PBXBuildFile; fileRef = DC367B5E2B7DEE3800E9C8EB /* LaunchScreen.storyboard */; };
		DC4283662B7E12F6001A64C7 /* ThirdViewController.swift in Sources */ = {isa = PBXBuildFile; fileRef = DC4283652B7E12F6001A64C7 /* ThirdViewController.swift */; };
/* End PBXBuildFile section */

/* Begin PBXFileReference section */
		DC3129A12B7DFF700074CBDC /* SecondViewController.swift */ = {isa = PBXFileReference; lastKnownFileType = sourcecode.swift; path = SecondViewController.swift; sourceTree = "<group>"; };
		DC367B502B7DEE3700E9C8EB /* AZLayout.app */ = {isa = PBXFileReference; explicitFileType = wrapper.application; includeInIndex = 0; path = AZLayout.app; sourceTree = BUILT_PRODUCTS_DIR; };
		DC367B532B7DEE3700E9C8EB /* AppDelegate.swift */ = {isa = PBXFileReference; lastKnownFileType = sourcecode.swift; path = AppDelegate.swift; sourceTree = "<group>"; };
		DC367B552B7DEE3700E9C8EB /* SceneDelegate.swift */ = {isa = PBXFileReference; lastKnownFileType = sourcecode.swift; path = SceneDelegate.swift; sourceTree = "<group>"; };
		DC367B572B7DEE3700E9C8EB /* ViewController.swift */ = {isa = PBXFileReference; lastKnownFileType = sourcecode.swift; path = ViewController.swift; sourceTree = "<group>"; };
		DC367B5A2B7DEE3700E9C8EB /* Base */ = {isa = PBXFileReference; lastKnownFileType = file.storyboard; name = Base; path = Base.lproj/Main.storyboard; sourceTree = "<group>"; };
		DC367B5C2B7DEE3800E9C8EB /* Assets.xcassets */ = {isa = PBXFileReference; lastKnownFileType = folder.assetcatalog; path = Assets.xcassets; sourceTree = "<group>"; };
		DC367B5F2B7DEE3800E9C8EB /* Base */ = {isa = PBXFileReference; lastKnownFileType = file.storyboard; name = Base; path = Base.lproj/LaunchScreen.storyboard; sourceTree = "<group>"; };
		DC367B612B7DEE3800E9C8EB /* Info.plist */ = {isa = PBXFileReference; lastKnownFileType = text.plist.xml; path = Info.plist; sourceTree = "<group>"; };
		DC4283652B7E12F6001A64C7 /* ThirdViewController.swift */ = {isa = PBXFileReference; lastKnownFileType = sourcecode.swift; path = ThirdViewController.swift; sourceTree = "<group>"; };
/* End PBXFileReference section */

/* Begin PBXFrameworksBuildPhase section */
		DC367B4D2B7DEE3700E9C8EB /* Frameworks */ = {
			isa = PBXFrameworksBuildPhase;
			buildActionMask = 2147483647;
			files = (
			);
			runOnlyForDeploymentPostprocessing = 0;
		};
/* End PBXFrameworksBuildPhase section */

/* Begin PBXGroup section */
		DC31299B2B7DFDB80074CBDC /* features */ = {
			isa = PBXGroup;
			children = (
				DC31299C2B7DFDC10074CBDC /* home */,
			);
			path = features;
			sourceTree = "<group>";
		};
		DC31299C2B7DFDC10074CBDC /* home */ = {
			isa = PBXGroup;
			children = (
				DC3129A12B7DFF700074CBDC /* SecondViewController.swift */,
				DC4283652B7E12F6001A64C7 /* ThirdViewController.swift */,
			);
			path = home;
			sourceTree = "<group>";
		};
		DC367B472B7DEE3700E9C8EB = {
			isa = PBXGroup;
			children = (
				DC367B522B7DEE3700E9C8EB /* AZLayout */,
				DC367B512B7DEE3700E9C8EB /* Products */,
			);
			sourceTree = "<group>";
		};
		DC367B512B7DEE3700E9C8EB /* Products */ = {
			isa = PBXGroup;
			children = (
				DC367B502B7DEE3700E9C8EB /* AZLayout.app */,
			);
			name = Products;
			sourceTree = "<group>";
		};
		DC367B522B7DEE3700E9C8EB /* AZLayout */ = {
			isa = PBXGroup;
			children = (
				DC31299B2B7DFDB80074CBDC /* features */,
				DC367B532B7DEE3700E9C8EB /* AppDelegate.swift */,
				DC367B552B7DEE3700E9C8EB /* SceneDelegate.swift */,
				DC367B572B7DEE3700E9C8EB /* ViewController.swift */,
				DC367B592B7DEE3700E9C8EB /* Main.storyboard */,
				DC367B5C2B7DEE3800E9C8EB /* Assets.xcassets */,
				DC367B5E2B7DEE3800E9C8EB /* LaunchScreen.storyboard */,
				DC367B612B7DEE3800E9C8EB /* Info.plist */,
			);
			path = AZLayout;
			sourceTree = "<group>";
		};
/* End PBXGroup section */

/* Begin PBXNativeTarget section */
		DC367B4F2B7DEE3700E9C8EB /* AZLayout */ = {
			isa = PBXNativeTarget;
			buildConfigurationList = DC367B642B7DEE3800E9C8EB /* Build configuration list for PBXNativeTarget "AZLayout" */;
			buildPhases = (
				DC367B4C2B7DEE3700E9C8EB /* Sources */,
				DC367B4D2B7DEE3700E9C8EB /* Frameworks */,
				DC367B4E2B7DEE3700E9C8EB /* Resources */,
			);
			buildRules = (
			);
			dependencies = (
			);
			name = AZLayout;
			productName = AZLayout;
			productReference = DC367B502B7DEE3700E9C8EB /* AZLayout.app */;
			productType = "com.apple.product-type.application";
		};
/* End PBXNativeTarget section */

/* Begin PBXProject section */
		DC367B482B7DEE3700E9C8EB /* Project object */ = {
			isa = PBXProject;
			attributes = {
				BuildIndependentTargetsInParallel = 1;
				LastSwiftUpdateCheck = 1520;
				LastUpgradeCheck = 1520;
				TargetAttributes = {
					DC367B4F2B7DEE3700E9C8EB = {
						CreatedOnToolsVersion = 15.2;
					};
				};
			};
			buildConfigurationList = DC367B4B2B7DEE3700E9C8EB /* Build configuration list for PBXProject "AZLayout" */;
			compatibilityVersion = "Xcode 14.0";
			developmentRegion = en;
			hasScannedForEncodings = 0;
			knownRegions = (
				en,
				Base,
			);
			mainGroup = DC367B472B7DEE3700E9C8EB;
			productRefGroup = DC367B512B7DEE3700E9C8EB /* Products */;
			projectDirPath = "";
			projectRoot = "";
			targets = (
				DC367B4F2B7DEE3700E9C8EB /* AZLayout */,
			);
		};
/* End PBXProject section */

/* Begin PBXResourcesBuildPhase section */
		DC367B4E2B7DEE3700E9C8EB /* Resources */ = {
			isa = PBXResourcesBuildPhase;
			buildActionMask = 2147483647;
			files = (
				DC367B602B7DEE3800E9C8EB /* LaunchScreen.storyboard in Resources */,
				DC367B5D2B7DEE3800E9C8EB /* Assets.xcassets in Resources */,
				DC367B5B2B7DEE3700E9C8EB /* Main.storyboard in Resources */,
			);
			runOnlyForDeploymentPostprocessing = 0;
		};
/* End PBXResourcesBuildPhase section */

/* Begin PBXSourcesBuildPhase section */
		DC367B4C2B7DEE3700E9C8EB /* Sources */ = {
			isa = PBXSourcesBuildPhase;
			buildActionMask = 2147483647;
			files = (
				DC3129A22B7DFF700074CBDC /* SecondViewController.swift in Sources */,
				DC367B582B7DEE3700E9C8EB /* ViewController.swift in Sources */,
				DC4283662B7E12F6001A64C7 /* ThirdViewController.swift in Sources */,
				DC367B542B7DEE3700E9C8EB /* AppDelegate.swift in Sources */,
				DC367B562B7DEE3700E9C8EB /* SceneDelegate.swift in Sources */,
			);
			runOnlyForDeploymentPostprocessing = 0;
		};
/* End PBXSourcesBuildPhase section */

/* Begin PBXVariantGroup section */
		DC367B592B7DEE3700E9C8EB /* Main.storyboard */ = {
			isa = PBXVariantGroup;
			children = (
				DC367B5A2B7DEE3700E9C8EB /* Base */,
			);
			name = Main.storyboard;
			sourceTree = "<group>";
		};
		DC367B5E2B7DEE3800E9C8EB /* LaunchScreen.storyboard */ = {
			isa = PBXVariantGroup;
			children = (
				DC367B5F2B7DEE3800E9C8EB /* Base */,
			);
			name = LaunchScreen.storyboard;
			sourceTree = "<group>";
		};
/* End PBXVariantGroup section */

/* Begin XCBuildConfiguration section */
		DC367B622B7DEE3800E9C8EB /* Debug */ = {
			isa = XCBuildConfiguration;
			buildSettings = {
				ALWAYS_SEARCH_USER_PATHS = NO;
				ASSETCATALOG_COMPILER_GENERATE_SWIFT_ASSET_SYMBOL_EXTENSIONS = YES;
				CLANG_ANALYZER_NONNULL = YES;
				CLANG_ANALYZER_NUMBER_OBJECT_CONVERSION = YES_AGGRESSIVE;
				CLANG_CXX_LANGUAGE_STANDARD = "gnu++20";
				CLANG_ENABLE_MODULES = YES;
				CLANG_ENABLE_OBJC_ARC = YES;
				CLANG_ENABLE_OBJC_WEAK = YES;
				CLANG_WARN_BLOCK_CAPTURE_AUTORELEASING = YES;
				CLANG_WARN_BOOL_CONVERSION = YES;
				CLANG_WARN_COMMA = YES;
				CLANG_WARN_CONSTANT_CONVERSION = YES;
				CLANG_WARN_DEPRECATED_OBJC_IMPLEMENTATIONS = YES;
				CLANG_WARN_DIRECT_OBJC_ISA_USAGE = YES_ERROR;
				CLANG_WARN_DOCUMENTATION_COMMENTS = YES;
				CLANG_WARN_EMPTY_BODY = YES;
				CLANG_WARN_ENUM_CONVERSION = YES;
				CLANG_WARN_INFINITE_RECURSION = YES;
				CLANG_WARN_INT_CONVERSION = YES;
				CLANG_WARN_NON_LITERAL_NULL_CONVERSION = YES;
				CLANG_WARN_OBJC_IMPLICIT_RETAIN_SELF = YES;
				CLANG_WARN_OBJC_LITERAL_CONVERSION = YES;
				CLANG_WARN_OBJC_ROOT_CLASS = YES_ERROR;
				CLANG_WARN_QUOTED_INCLUDE_IN_FRAMEWORK_HEADER = YES;
				CLANG_WARN_RANGE_LOOP_ANALYSIS = YES;
				CLANG_WARN_STRICT_PROTOTYPES = YES;
				CLANG_WARN_SUSPICIOUS_MOVE = YES;
				CLANG_WARN_UNGUARDED_AVAILABILITY = YES_AGGRESSIVE;
				CLANG_WARN_UNREACHABLE_CODE = YES;
				CLANG_WARN__DUPLICATE_METHOD_MATCH = YES;
				COPY_PHASE_STRIP = NO;
				DEBUG_INFORMATION_FORMAT = dwarf;
				ENABLE_STRICT_OBJC_MSGSEND = YES;
				ENABLE_TESTABILITY = YES;
				ENABLE_USER_SCRIPT_SANDBOXING = YES;
				GCC_C_LANGUAGE_STANDARD = gnu17;
				GCC_DYNAMIC_NO_PIC = NO;
				GCC_NO_COMMON_BLOCKS = YES;
				GCC_OPTIMIZATION_LEVEL = 0;
				GCC_PREPROCESSOR_DEFINITIONS = (
					"DEBUG=1",
					"$(inherited)",
				);
				GCC_WARN_64_TO_32_BIT_CONVERSION = YES;
				GCC_WARN_ABOUT_RETURN_TYPE = YES_ERROR;
				GCC_WARN_UNDECLARED_SELECTOR = YES;
				GCC_WARN_UNINITIALIZED_AUTOS = YES_AGGRESSIVE;
				GCC_WARN_UNUSED_FUNCTION = YES;
				GCC_WARN_UNUSED_VARIABLE = YES;
				IPHONEOS_DEPLOYMENT_TARGET = 17.2;
				LOCALIZATION_PREFERS_STRING_CATALOGS = YES;
				MTL_ENABLE_DEBUG_INFO = INCLUDE_SOURCE;
				MTL_FAST_MATH = YES;
				ONLY_ACTIVE_ARCH = YES;
				SDKROOT = iphoneos;
				SWIFT_ACTIVE_COMPILATION_CONDITIONS = "DEBUG $(inherited)";
				SWIFT_OPTIMIZATION_LEVEL = "-Onone";
			};
			name = Debug;
		};
		DC367B632B7DEE3800E9C8EB /* Release */ = {
			isa = XCBuildConfiguration;
			buildSettings = {
				ALWAYS_SEARCH_USER_PATHS = NO;
				ASSETCATALOG_COMPILER_GENERATE_SWIFT_ASSET_SYMBOL_EXTENSIONS = YES;
				CLANG_ANALYZER_NONNULL = YES;
				CLANG_ANALYZER_NUMBER_OBJECT_CONVERSION = YES_AGGRESSIVE;
				CLANG_CXX_LANGUAGE_STANDARD = "gnu++20";
				CLANG_ENABLE_MODULES = YES;
				CLANG_ENABLE_OBJC_ARC = YES;
				CLANG_ENABLE_OBJC_WEAK = YES;
				CLANG_WARN_BLOCK_CAPTURE_AUTORELEASING = YES;
				CLANG_WARN_BOOL_CONVERSION = YES;
				CLANG_WARN_COMMA = YES;
				CLANG_WARN_CONSTANT_CONVERSION = YES;
				CLANG_WARN_DEPRECATED_OBJC_IMPLEMENTATIONS = YES;
				CLANG_WARN_DIRECT_OBJC_ISA_USAGE = YES_ERROR;
				CLANG_WARN_DOCUMENTATION_COMMENTS = YES;
				CLANG_WARN_EMPTY_BODY = YES;
				CLANG_WARN_ENUM_CONVERSION = YES;
				CLANG_WARN_INFINITE_RECURSION = YES;
				CLANG_WARN_INT_CONVERSION = YES;
				CLANG_WARN_NON_LITERAL_NULL_CONVERSION = YES;
				CLANG_WARN_OBJC_IMPLICIT_RETAIN_SELF = YES;
				CLANG_WARN_OBJC_LITERAL_CONVERSION = YES;
				CLANG_WARN_OBJC_ROOT_CLASS = YES_ERROR;
				CLANG_WARN_QUOTED_INCLUDE_IN_FRAMEWORK_HEADER = YES;
				CLANG_WARN_RANGE_LOOP_ANALYSIS = YES;
				CLANG_WARN_STRICT_PROTOTYPES = YES;
				CLANG_WARN_SUSPICIOUS_MOVE = YES;
				CLANG_WARN_UNGUARDED_AVAILABILITY = YES_AGGRESSIVE;
				CLANG_WARN_UNREACHABLE_CODE = YES;
				CLANG_WARN__DUPLICATE_METHOD_MATCH = YES;
				COPY_PHASE_STRIP = NO;
				DEBUG_INFORMATION_FORMAT = "dwarf-with-dsym";
				ENABLE_NS_ASSERTIONS = NO;
				ENABLE_STRICT_OBJC_MSGSEND = YES;
				ENABLE_USER_SCRIPT_SANDBOXING = YES;
				GCC_C_LANGUAGE_STANDARD = gnu17;
				GCC_NO_COMMON_BLOCKS = YES;
				GCC_WARN_64_TO_32_BIT_CONVERSION = YES;
				GCC_WARN_ABOUT_RETURN_TYPE = YES_ERROR;
				GCC_WARN_UNDECLARED_SELECTOR = YES;
				GCC_WARN_UNINITIALIZED_AUTOS = YES_AGGRESSIVE;
				GCC_WARN_UNUSED_FUNCTION = YES;
				GCC_WARN_UNUSED_VARIABLE = YES;
				IPHONEOS_DEPLOYMENT_TARGET = 17.2;
				LOCALIZATION_PREFERS_STRING_CATALOGS = YES;
				MTL_ENABLE_DEBUG_INFO = NO;
				MTL_FAST_MATH = YES;
				SDKROOT = iphoneos;
				SWIFT_COMPILATION_MODE = wholemodule;
				VALIDATE_PRODUCT = YES;
			};
			name = Release;
		};
		DC367B652B7DEE3800E9C8EB /* Debug */ = {
			isa = XCBuildConfiguration;
			buildSettings = {
				ASSETCATALOG_COMPILER_APPICON_NAME = AppIcon;
				ASSETCATALOG_COMPILER_GLOBAL_ACCENT_COLOR_NAME = AccentColor;
				CODE_SIGN_STYLE = Automatic;
				CURRENT_PROJECT_VERSION = 1;
				DEVELOPMENT_TEAM = Y7653CXCKR;
				GENERATE_INFOPLIST_FILE = YES;
				INFOPLIST_FILE = AZLayout/Info.plist;
				INFOPLIST_KEY_UIApplicationSupportsIndirectInputEvents = YES;
				INFOPLIST_KEY_UILaunchStoryboardName = LaunchScreen;
				INFOPLIST_KEY_UIMainStoryboardFile = Main;
				INFOPLIST_KEY_UISupportedInterfaceOrientations_iPad = "UIInterfaceOrientationPortrait UIInterfaceOrientationPortraitUpsideDown UIInterfaceOrientationLandscapeLeft UIInterfaceOrientationLandscapeRight";
				INFOPLIST_KEY_UISupportedInterfaceOrientations_iPhone = "UIInterfaceOrientationPortrait UIInterfaceOrientationLandscapeLeft UIInterfaceOrientationLandscapeRight";
				LD_RUNPATH_SEARCH_PATHS = (
					"$(inherited)",
					"@executable_path/Frameworks",
				);
				MARKETING_VERSION = 1.0;
				PRODUCT_BUNDLE_IDENTIFIER = com.az.AZLayout;
				PRODUCT_NAME = "$(TARGET_NAME)";
				SWIFT_EMIT_LOC_STRINGS = YES;
				SWIFT_VERSION = 5.0;
				TARGETED_DEVICE_FAMILY = "1,2";
			};
			name = Debug;
		};
		DC367B662B7DEE3800E9C8EB /* Release */ = {
			isa = XCBuildConfiguration;
			buildSettings = {
				ASSETCATALOG_COMPILER_APPICON_NAME = AppIcon;
				ASSETCATALOG_COMPILER_GLOBAL_ACCENT_COLOR_NAME = AccentColor;
				CODE_SIGN_STYLE = Automatic;
				CURRENT_PROJECT_VERSION = 1;
				DEVELOPMENT_TEAM = Y7653CXCKR;
				GENERATE_INFOPLIST_FILE = YES;
				INFOPLIST_FILE = AZLayout/Info.plist;
				INFOPLIST_KEY_UIApplicationSupportsIndirectInputEvents = YES;
				INFOPLIST_KEY_UILaunchStoryboardName = LaunchScreen;
				INFOPLIST_KEY_UIMainStoryboardFile = Main;
				INFOPLIST_KEY_UISupportedInterfaceOrientations_iPad = "UIInterfaceOrientationPortrait UIInterfaceOrientationPortraitUpsideDown UIInterfaceOrientationLandscapeLeft UIInterfaceOrientationLandscapeRight";
				INFOPLIST_KEY_UISupportedInterfaceOrientations_iPhone = "UIInterfaceOrientationPortrait UIInterfaceOrientationLandscapeLeft UIInterfaceOrientationLandscapeRight";
				LD_RUNPATH_SEARCH_PATHS = (
					"$(inherited)",
					"@executable_path/Frameworks",
				);
				MARKETING_VERSION = 1.0;
				PRODUCT_BUNDLE_IDENTIFIER = com.az.AZLayout;
				PRODUCT_NAME = "$(TARGET_NAME)";
				SWIFT_EMIT_LOC_STRINGS = YES;
				SWIFT_VERSION = 5.0;
				TARGETED_DEVICE_FAMILY = "1,2";
			};
			name = Release;
		};
/* End XCBuildConfiguration section */

/* Begin XCConfigurationList section */
		DC367B4B2B7DEE3700E9C8EB /* Build configuration list for PBXProject "AZLayout" */ = {
			isa = XCConfigurationList;
			buildConfigurations = (
				DC367B622B7DEE3800E9C8EB /* Debug */,
				DC367B632B7DEE3800E9C8EB /* Release */,
			);
			defaultConfigurationIsVisible = 0;
			defaultConfigurationName = Release;
		};
		DC367B642B7DEE3800E9C8EB /* Build configuration list for PBXNativeTarget "AZLayout" */ = {
			isa = XCConfigurationList;
			buildConfigurations = (
				DC367B652B7DEE3800E9C8EB /* Debug */,
				DC367B662B7DEE3800E9C8EB /* Release */,
			);
			defaultConfigurationIsVisible = 0;
			defaultConfigurationName = Release;
		};
/* End XCConfigurationList section */
	};
	rootObject = DC367B482B7DEE3700E9C8EB /* Project object */;
}
